{
  "name": "wasm4test",
  "version": "1.0.0",
  "lockfileVersion": 1,
  "requires": true,
  "dependencies": {
    "assemblyscript": {
      "version": "0.21.7",
      "resolved": "https://registry.npmjs.org/assemblyscript/-/assemblyscript-0.21.7.tgz",
      "integrity": "sha512-GPKavCMUVZbrU31KTBMtnsRZa9pPN10ApfkPGNdL70Qpu/rORbTCte/37dnIUnQdXHm+5vHmG+iGRWmwJO5hvA==",
      "dev": true,
      "requires": {
        "binaryen": "110.0.0-nightly.20221006",
        "long": "^5.2.0"
      }
    },
    "binaryen": {
      "version": "110.0.0-nightly.20221006",
      "resolved": "https://registry.npmjs.org/binaryen/-/binaryen-110.0.0-nightly.20221006.tgz",
      "integrity": "sha512-yC7ZLoaZmXhm5cB0+g3rZkz5ujPSlhX+FEQtgaQHVxcL78D8cTXdRSdajhgQD345BVPsooOrSxqhX6tnULgBWg==",
      "dev": true
    },
    "long": {
      "version": "5.2.1",
      "resolved": "https://registry.npmjs.org/long/-/long-5.2.1.tgz",
      "integrity": "sha512-GKSNGeNAtw8IryjjkhZxuKB3JzlcLTwjtiQCHKvqQet81I93kXslhDQruGI/QsddO83mcDToBVy7GqGS/zYf/A==",
      "dev": true
    }
  }
}
